%{
  "asm": {:hex, :asm, "0.0.10", "693e8503bde09c891929ad1c399ea93664b72b0ae022e338ada818f3b8dab2c0", [:mix], [{:constants, "~> 0.1.0", [hex: :constants, repo: "hexpm", optional: false]}], "hexpm"},
  "constants": {:hex, :constants, "0.1.0", "750b27c3389400158cfaf4ed91dfcc7fcb4cd640c9a5e7e923897519eba6e812", [:mix], [], "hexpm"},
  "ok": {:hex, :ok, "2.0.0", "bbfa96d5c35956b8a687aa1513a08f1287f77993a7b5554cd3db33c19c9e76fa", [:mix], [], "hexpm"},
}
